
Microsoft Visual Studio Solution File, Format Version 12.00
# Visual Studio 15
VisualStudioVersion = 15.0.27703.2047
MinimumVisualStudioVersion = 10.0.40219.1
Project("{9A19103F-16F7-4668-BE54-9A1E7A4F7556}") = "CopyleaksAPI", "CopyleaksAPI\CopyleaksAPI.csproj", "{08695D54-A98F-4DAB-A9D8-1B14C1BCE17E}"
EndProject
Project("{9A19103F-16F7-4668-BE54-9A1E7A4F7556}") = "SampleWebApplication", "SampleWebApplication\SampleWebApplication.csproj", "{3B60CF67-E440-4133-8B68-FE31EEE74635}"
EndProject
Global
	GlobalSection(SolutionConfigurationPlatforms) = preSolution
		Debug|Any CPU = Debug|Any CPU
		Release|Any CPU = Release|Any CPU
	EndGlobalSection
	GlobalSection(ProjectConfigurationPlatforms) = postSolution
		{08695D54-A98F-4DAB-A9D8-1B14C1BCE17E}.Debug|Any CPU.ActiveCfg = Debug|Any CPU
		{08695D54-A98F-4DAB-A9D8-1B14C1BCE17E}.Debug|Any CPU.Build.0 = Debug|Any CPU
		{08695D54-A98F-4DAB-A9D8-1B14C1BCE17E}.Release|Any CPU.ActiveCfg = Release|Any CPU
		{08695D54-A98F-4DAB-A9D8-1B14C1BCE17E}.Release|Any CPU.Build.0 = Release|Any CPU
		{3B60CF67-E440-4133-8B68-FE31EEE74635}.Debug|Any CPU.ActiveCfg = Debug|Any CPU
		{3B60CF67-E440-4133-8B68-FE31EEE74635}.Debug|Any CPU.Build.0 = Debug|Any CPU
		{3B60CF67-E440-4133-8B68-FE31EEE74635}.Release|Any CPU.ActiveCfg = Release|Any CPU
		{3B60CF67-E440-4133-8B68-FE31EEE74635}.Release|Any CPU.Build.0 = Release|Any CPU
	EndGlobalSection
	GlobalSection(SolutionProperties) = preSolution
		HideSolutionNode = FALSE
	EndGlobalSection
	GlobalSection(ExtensibilityGlobals) = postSolution
		SolutionGuid = {A9983A02-5E36-4D54-8492-7910C22CE634}
	EndGlobalSection
EndGlobal
